{
  "name": "claudegauge-plugin",
  "version": "0.1.0",
  "lockfileVersion": 3,
  "requires": true,
  "packages": {
    "": {
      "name": "claudegauge-plugin",
      "version": "0.1.0",
      "dependencies": {
        "ws": "^8.21.0"
      },
      "devDependencies": {
        "ccusage": "20.0.17"
      }
    },
    "node_modules/@ccusage/ccusage-darwin-arm64": {
      "version": "20.0.17",
      "resolved": "https://registry.npmjs.org/@ccusage/ccusage-darwin-arm64/-/ccusage-darwin-arm64-20.0.17.tgz",
      "integrity": "sha512-rQTuzovMtfbtBAmEMmC8ABzkd66E+jJI+E+WJ/MbEeRTGS/7cL50BpP0jI87FWTbGoY/ovlSV6gcmFyd+EvzXA==",
      "cpu": [
        "arm64"
      ],
      "dev": true,
      "license": "MIT",
      "optional": true,
      "os": [
        "darwin"
      ]
    },
    "node_modules/@ccusage/ccusage-darwin-x64": {
      "version": "20.0.17",
      "resolved": "https://registry.npmjs.org/@ccusage/ccusage-darwin-x64/-/ccusage-darwin-x64-20.0.17.tgz",
      "integrity": "sha512-FyNVZ1I7LZpkuIXB/pUE+e7OiUeEKKM1h/3Sq0bfq+zZL2SIGmWLTH5RiANcVFIhlEJYE2J2g32z2wy6zYJ9vQ==",
      "cpu": [
        "x64"
      ],
      "dev": true,
      "license": "MIT",
      "optional": true,
      "os": [
        "darwin"
      ]
    },
    "node_modules/@ccusage/ccusage-linux-arm64": {
      "version": "20.0.17",
      "resolved": "https://registry.npmjs.org/@ccusage/ccusage-linux-arm64/-/ccusage-linux-arm64-20.0.17.tgz",
      "integrity": "sha512-evdCI+3G6tDoXubPFDQju5KNc+fy2NTjZnUs8nBIwh/oYIdo6LVYlB/Tpvf5lz3WLy8+VPfcc0UuXIjY/X1vkg==",
      "cpu": [
        "arm64"
      ],
      "dev": true,
      "license": "MIT",
      "optional": true,
      "os": [
        "linux"
      ]
    },
    "node_modules/@ccusage/ccusage-linux-x64": {
      "version": "20.0.17",
      "resolved": "https://registry.npmjs.org/@ccusage/ccusage-linux-x64/-/ccusage-linux-x64-20.0.17.tgz",
      "integrity": "sha512-o9CFzPbRT+WEyhKV6Y0GUdxcxdrRnToBY7qclXMe+doKon4gjzZvAzHXR6qao/ZHdfg6cmLkGvBJx5ZcG/8bEw==",
      "cpu": [
        "x64"
      ],
      "dev": true,
      "license": "MIT",
      "optional": true,
      "os": [
        "linux"
      ]
    },
    "node_modules/@ccusage/ccusage-win32-arm64": {
      "version": "20.0.17",
      "resolved": "https://registry.npmjs.org/@ccusage/ccusage-win32-arm64/-/ccusage-win32-arm64-20.0.17.tgz",
      "integrity": "sha512-+cucn4UnhXxd3FQElpAu/k0dgAIN+Sh36dBEfymyuaSHKRvkG7QjbEWkuqsnXwjAy2Z0BIM5uq6gZkrhl0c3aA==",
      "cpu": [
        "arm64"
      ],
      "dev": true,
      "license": "MIT",
      "optional": true,
      "os": [
        "win32"
      ]
    },
    "node_modules/@ccusage/ccusage-win32-x64": {
      "version": "20.0.17",
      "resolved": "https://registry.npmjs.org/@ccusage/ccusage-win32-x64/-/ccusage-win32-x64-20.0.17.tgz",
      "integrity": "sha512-y+rbb5D3lUQwu6kKtRk2yVGZn3Az3+9TipRQAyk9vs+K4hp3TM+ToqciVRAZ3u+tap5VhPSj2bZt4J6gGXg18w==",
      "cpu": [
        "x64"
      ],
      "dev": true,
      "license": "MIT",
      "optional": true,
      "os": [
        "win32"
      ]
    },
    "node_modules/ccusage": {
      "version": "20.0.17",
      "resolved": "https://registry.npmjs.org/ccusage/-/ccusage-20.0.17.tgz",
      "integrity": "sha512-MJU4qDs6DOMdam0PXWWFgo0dw/kXAK05rX586DdxIARTzj/zJylWfVlIywgJwW094nNbqwJyGRZvzO2ZsczXDg==",
      "dev": true,
      "license": "MIT",
      "bin": {
        "ccusage": "src/cli.js"
      },
      "funding": {
        "url": "https://github.com/sponsors/ryoppippi"
      },
      "optionalDependencies": {
        "@ccusage/ccusage-darwin-arm64": "20.0.17",
        "@ccusage/ccusage-darwin-x64": "20.0.17",
        "@ccusage/ccusage-linux-arm64": "20.0.17",
        "@ccusage/ccusage-linux-x64": "20.0.17",
        "@ccusage/ccusage-win32-arm64": "20.0.17",
        "@ccusage/ccusage-win32-x64": "20.0.17"
      }
    },
    "node_modules/ws": {
      "version": "8.21.0",
      "resolved": "https://registry.npmjs.org/ws/-/ws-8.21.0.tgz",
      "integrity": "sha512-Vsp28b7DRcimFQvrqu2Wek3z1iYxDCWqHYB8Qsnk/S4RfaCQzPGPyBNuVjJV3cd6UiKtUtp6sNM77gWvzcCH+g==",
      "license": "MIT",
      "engines": {
        "node": ">=10.0.0"
      },
      "peerDependencies": {
        "bufferutil": "^4.0.1",
        "utf-8-validate": ">=5.0.2"
      },
      "peerDependenciesMeta": {
        "bufferutil": {
          "optional": true
        },
        "utf-8-validate": {
          "optional": true
        }
      }
    }
  }
}
