{
  "name": "claudegauge-plugin",
  "version": "0.1.0",
  "lockfileVersion": 3,
  "requires": true,
  "packages": {
    "": {
      "name": "claudegauge-plugin",
      "version": "0.1.0",
      "dependencies": {
        "ws": "^8.21.0"
      },
      "devDependencies": {
        "ccusage": "20.0.11"
      }
    },
    "node_modules/@ccusage/ccusage-darwin-arm64": {
      "version": "20.0.11",
      "resolved": "https://registry.npmjs.org/@ccusage/ccusage-darwin-arm64/-/ccusage-darwin-arm64-20.0.11.tgz",
      "integrity": "sha512-EOs+XNBU6XNCaolbcKzqDbIsndU98moziLSaQjCzhxf+IXfck8vrlnbtYPtxrj0SXHaaUBYuydrvwS9fET5Vmw==",
      "cpu": [
        "arm64"
      ],
      "dev": true,
      "license": "MIT",
      "optional": true,
      "os": [
        "darwin"
      ]
    },
    "node_modules/@ccusage/ccusage-darwin-x64": {
      "version": "20.0.11",
      "resolved": "https://registry.npmjs.org/@ccusage/ccusage-darwin-x64/-/ccusage-darwin-x64-20.0.11.tgz",
      "integrity": "sha512-tXETNM/X76mAqaHCNpbfmWMgAttGcv6GlKSIgRX3sXuw9FtKlwgOz9t60WjTLjEPrJnSdPVz6zO7nE77fYuD6g==",
      "cpu": [
        "x64"
      ],
      "dev": true,
      "license": "MIT",
      "optional": true,
      "os": [
        "darwin"
      ]
    },
    "node_modules/@ccusage/ccusage-linux-arm64": {
      "version": "20.0.11",
      "resolved": "https://registry.npmjs.org/@ccusage/ccusage-linux-arm64/-/ccusage-linux-arm64-20.0.11.tgz",
      "integrity": "sha512-Z0VI73syT1MHnE+ql2WRDNe6/48g4wYtm1wMlWUguIywhyaetCSfQhULeR67/qStEURHKC9C67soAGKlTIGPpQ==",
      "cpu": [
        "arm64"
      ],
      "dev": true,
      "license": "MIT",
      "optional": true,
      "os": [
        "linux"
      ]
    },
    "node_modules/@ccusage/ccusage-linux-x64": {
      "version": "20.0.11",
      "resolved": "https://registry.npmjs.org/@ccusage/ccusage-linux-x64/-/ccusage-linux-x64-20.0.11.tgz",
      "integrity": "sha512-rJ320LYquDOEou8PAhM8jprNASejuVk4ZMfXtpxkn60xLFbERTdcHEQCAbQXo3jkTb0SeC67be9uSUlzdRdKKw==",
      "cpu": [
        "x64"
      ],
      "dev": true,
      "license": "MIT",
      "optional": true,
      "os": [
        "linux"
      ]
    },
    "node_modules/@ccusage/ccusage-win32-arm64": {
      "version": "20.0.11",
      "resolved": "https://registry.npmjs.org/@ccusage/ccusage-win32-arm64/-/ccusage-win32-arm64-20.0.11.tgz",
      "integrity": "sha512-m7WNIPpR/9ae/rZ5VBF/TlxwixGFAdmpMa3QsuJQHdXWYCl+NiAmOAdetcS7tYsLPCenKMshqdHZD/h6YLunMQ==",
      "cpu": [
        "arm64"
      ],
      "dev": true,
      "license": "MIT",
      "optional": true,
      "os": [
        "win32"
      ]
    },
    "node_modules/@ccusage/ccusage-win32-x64": {
      "version": "20.0.11",
      "resolved": "https://registry.npmjs.org/@ccusage/ccusage-win32-x64/-/ccusage-win32-x64-20.0.11.tgz",
      "integrity": "sha512-HPdQsXm8Aas8TLORgzzqOIX/jAZYhgbIkBEZ0mFfIIdsZFE2UgnhwVjx6gEcFzhziAQ7ABe0bUgW+tnAdPBDKA==",
      "cpu": [
        "x64"
      ],
      "dev": true,
      "license": "MIT",
      "optional": true,
      "os": [
        "win32"
      ]
    },
    "node_modules/ccusage": {
      "version": "20.0.11",
      "resolved": "https://registry.npmjs.org/ccusage/-/ccusage-20.0.11.tgz",
      "integrity": "sha512-u9YfdCbI0+8306YZjifS11VdKECC7qQYAMnPTVFX4cYCHntvqRk1gMcSGFhfbR6tvxj67ljPwOD0nQqniGg1Eg==",
      "dev": true,
      "license": "MIT",
      "bin": {
        "ccusage": "dist/cli.js"
      },
      "funding": {
        "url": "https://github.com/sponsors/ryoppippi"
      },
      "optionalDependencies": {
        "@ccusage/ccusage-darwin-arm64": "20.0.11",
        "@ccusage/ccusage-darwin-x64": "20.0.11",
        "@ccusage/ccusage-linux-arm64": "20.0.11",
        "@ccusage/ccusage-linux-x64": "20.0.11",
        "@ccusage/ccusage-win32-arm64": "20.0.11",
        "@ccusage/ccusage-win32-x64": "20.0.11"
      }
    },
    "node_modules/ws": {
      "version": "8.21.0",
      "resolved": "https://registry.npmjs.org/ws/-/ws-8.21.0.tgz",
      "integrity": "sha512-Vsp28b7DRcimFQvrqu2Wek3z1iYxDCWqHYB8Qsnk/S4RfaCQzPGPyBNuVjJV3cd6UiKtUtp6sNM77gWvzcCH+g==",
      "license": "MIT",
      "engines": {
        "node": ">=10.0.0"
      },
      "peerDependencies": {
        "bufferutil": "^4.0.1",
        "utf-8-validate": ">=5.0.2"
      },
      "peerDependenciesMeta": {
        "bufferutil": {
          "optional": true
        },
        "utf-8-validate": {
          "optional": true
        }
      }
    }
  }
}
