{
  "name": "claudegauge-plugin",
  "version": "0.1.0",
  "lockfileVersion": 3,
  "requires": true,
  "packages": {
    "": {
      "name": "claudegauge-plugin",
      "version": "0.1.0",
      "dependencies": {
        "ws": "^8.21.0"
      },
      "devDependencies": {
        "ccusage": "20.0.14"
      }
    },
    "node_modules/@ccusage/ccusage-darwin-arm64": {
      "version": "20.0.14",
      "resolved": "https://registry.npmjs.org/@ccusage/ccusage-darwin-arm64/-/ccusage-darwin-arm64-20.0.14.tgz",
      "integrity": "sha512-M8ZQzWmvLsI+eKbjQBJtw2YudUgFr4gAtXmNnb5nYam177vmajaxDWdItJr+I+Qx9QbxsKOxJslazT/WYkoFFQ==",
      "cpu": [
        "arm64"
      ],
      "dev": true,
      "license": "MIT",
      "optional": true,
      "os": [
        "darwin"
      ]
    },
    "node_modules/@ccusage/ccusage-darwin-x64": {
      "version": "20.0.14",
      "resolved": "https://registry.npmjs.org/@ccusage/ccusage-darwin-x64/-/ccusage-darwin-x64-20.0.14.tgz",
      "integrity": "sha512-NORKtEWsw8n3WGTdK3LGmEbygwrUFEDYAOeXWYT5rKAU84IMMYO9BVKALsr5KWX5FpfGGhTk/QdbzSFIaAqzKw==",
      "cpu": [
        "x64"
      ],
      "dev": true,
      "license": "MIT",
      "optional": true,
      "os": [
        "darwin"
      ]
    },
    "node_modules/@ccusage/ccusage-linux-arm64": {
      "version": "20.0.14",
      "resolved": "https://registry.npmjs.org/@ccusage/ccusage-linux-arm64/-/ccusage-linux-arm64-20.0.14.tgz",
      "integrity": "sha512-aShec3E1bFZTOl35B4KdX35kEzGZGkGO5eOnR03ih1mF88D9eEUFKWJ9pha1Liq8v/1gJvmHzgjuV7hLxrNDhw==",
      "cpu": [
        "arm64"
      ],
      "dev": true,
      "license": "MIT",
      "optional": true,
      "os": [
        "linux"
      ]
    },
    "node_modules/@ccusage/ccusage-linux-x64": {
      "version": "20.0.14",
      "resolved": "https://registry.npmjs.org/@ccusage/ccusage-linux-x64/-/ccusage-linux-x64-20.0.14.tgz",
      "integrity": "sha512-Q00no4oxct4/zQ4ob7t8uItsTSyrwFLti5NZ6kGhCxliN7LwMNqMVrTsUDy8Wsfiu1HEtyQQUclYRNAtLsn6Uw==",
      "cpu": [
        "x64"
      ],
      "dev": true,
      "license": "MIT",
      "optional": true,
      "os": [
        "linux"
      ]
    },
    "node_modules/@ccusage/ccusage-win32-arm64": {
      "version": "20.0.14",
      "resolved": "https://registry.npmjs.org/@ccusage/ccusage-win32-arm64/-/ccusage-win32-arm64-20.0.14.tgz",
      "integrity": "sha512-a7VPXWtzeQVo3qJl4Mprga8gBhWniQ0aPfw8FZWGRp9S7oDL18vgJOq2yF7c2NYYvTDW2prDaku6dawVNQGXeg==",
      "cpu": [
        "arm64"
      ],
      "dev": true,
      "license": "MIT",
      "optional": true,
      "os": [
        "win32"
      ]
    },
    "node_modules/@ccusage/ccusage-win32-x64": {
      "version": "20.0.14",
      "resolved": "https://registry.npmjs.org/@ccusage/ccusage-win32-x64/-/ccusage-win32-x64-20.0.14.tgz",
      "integrity": "sha512-DXo5DrINH/Zwih+N7ra7jSpIo70heuzC+6k3CuB4QIacJj908uSX12Zp4JdnUwmFk7yGEwQBfVs+SmuOc+VP0w==",
      "cpu": [
        "x64"
      ],
      "dev": true,
      "license": "MIT",
      "optional": true,
      "os": [
        "win32"
      ]
    },
    "node_modules/ccusage": {
      "version": "20.0.14",
      "resolved": "https://registry.npmjs.org/ccusage/-/ccusage-20.0.14.tgz",
      "integrity": "sha512-xAkGU9NZdhbxj11o6J9x/tqNXicLz29y9j3nTJEkPI76LW4i6IrsXXcD9ywqzbKRsq1NlJLEhnBRgaZAksS9WA==",
      "dev": true,
      "license": "MIT",
      "bin": {
        "ccusage": "src/cli.js"
      },
      "funding": {
        "url": "https://github.com/sponsors/ryoppippi"
      },
      "optionalDependencies": {
        "@ccusage/ccusage-darwin-arm64": "20.0.14",
        "@ccusage/ccusage-darwin-x64": "20.0.14",
        "@ccusage/ccusage-linux-arm64": "20.0.14",
        "@ccusage/ccusage-linux-x64": "20.0.14",
        "@ccusage/ccusage-win32-arm64": "20.0.14",
        "@ccusage/ccusage-win32-x64": "20.0.14"
      }
    },
    "node_modules/ws": {
      "version": "8.21.0",
      "resolved": "https://registry.npmjs.org/ws/-/ws-8.21.0.tgz",
      "integrity": "sha512-Vsp28b7DRcimFQvrqu2Wek3z1iYxDCWqHYB8Qsnk/S4RfaCQzPGPyBNuVjJV3cd6UiKtUtp6sNM77gWvzcCH+g==",
      "license": "MIT",
      "engines": {
        "node": ">=10.0.0"
      },
      "peerDependencies": {
        "bufferutil": "^4.0.1",
        "utf-8-validate": ">=5.0.2"
      },
      "peerDependenciesMeta": {
        "bufferutil": {
          "optional": true
        },
        "utf-8-validate": {
          "optional": true
        }
      }
    }
  }
}
